
Microsoft Visual Studio Solution File, Format Version 12.00
# Visual Studio Version 17
VisualStudioVersion = 17.5.33516.290
MinimumVisualStudioVersion = 10.0.40219.1
Project("{FAE04EC0-301F-11D3-BF4B-00C04F79EFBC}") = "PasswordValidator", "PasswordValidator.csproj", "{89C50FAA-FD76-4D49-8C12-07443645986E}"
EndProject
Global
	GlobalSection(SolutionConfigurationPlatforms) = preSolution
		Debug|Any CPU = Debug|Any CPU
		Release|Any CPU = Release|Any CPU
	EndGlobalSection
	GlobalSection(ProjectConfigurationPlatforms) = postSolution
		{89C50FAA-FD76-4D49-8C12-07443645986E}.Debug|Any CPU.ActiveCfg = Debug|Any CPU
		{89C50FAA-FD76-4D49-8C12-07443645986E}.Debug|Any CPU.Build.0 = Debug|Any CPU
		{89C50FAA-FD76-4D49-8C12-07443645986E}.Release|Any CPU.ActiveCfg = Release|Any CPU
		{89C50FAA-FD76-4D49-8C12-07443645986E}.Release|Any CPU.Build.0 = Release|Any CPU
	EndGlobalSection
	GlobalSection(SolutionProperties) = preSolution
		HideSolutionNode = FALSE
	EndGlobalSection
	GlobalSection(ExtensibilityGlobals) = postSolution
		SolutionGuid = {5DF51D5F-51B3-434F-AA45-5C35CB6CEE34}
	EndGlobalSection
EndGlobal
